// !$*UTF8*$!
{
	archiveVersion = 1;
	classes = {
	};
	objectVersion = 56;
	objects = {

/* Begin PBXBuildFile section */
		224ECB0E2C3377130035BCDD /* NotificationToastView.swift in Sources */ = {isa = PBXBuildFile; fileRef = 224ECB0D2C3377130035BCDD /* NotificationToastView.swift */; };
		224ECB102C337E960035BCDD /* NotificationToastUIView.swift in Sources */ = {isa = PBXBuildFile; fileRef = 224ECB0F2C337E960035BCDD /* NotificationToastUIView.swift */; };
		224ECB122C337ECD0035BCDD /* CustomNotificationGestureRecognizer.swift in Sources */ = {isa = PBXBuildFile; fileRef = 224ECB112C337ECD0035BCDD /* CustomNotificationGestureRecognizer.swift */; };
		224ECB142C3380350035BCDD /* NotificationMessage.swift in Sources */ = {isa = PBXBuildFile; fileRef = 224ECB132C3380350035BCDD /* NotificationMessage.swift */; };
		2253D90D2C2E417700E97838 /* SwiftEntryKitTestApp.swift in Sources */ = {isa = PBXBuildFile; fileRef = 2253D90C2C2E417700E97838 /* SwiftEntryKitTestApp.swift */; };
		2253D90F2C2E417700E97838 /* ContentView.swift in Sources */ = {isa = PBXBuildFile; fileRef = 2253D90E2C2E417700E97838 /* ContentView.swift */; };
		2253D9112C2E417900E97838 /* Assets.xcassets in Resources */ = {isa = PBXBuildFile; fileRef = 2253D9102C2E417900E97838 /* Assets.xcassets */; };
		2253D9152C2E417900E97838 /* Preview Assets.xcassets in Resources */ = {isa = PBXBuildFile; fileRef = 2253D9142C2E417900E97838 /* Preview Assets.xcassets */; };
		2253D91D2C2E41C000E97838 /* SwiftEntryKit in Frameworks */ = {isa = PBXBuildFile; productRef = 2253D91C2C2E41C000E97838 /* SwiftEntryKit */; };
		2293AA062C3270F20051E032 /* NotificationToastManager.swift in Sources */ = {isa = PBXBuildFile; fileRef = 2293AA052C3270F20051E032 /* NotificationToastManager.swift */; };
/* End PBXBuildFile section */

/* Begin PBXFileReference section */
		224ECB0D2C3377130035BCDD /* NotificationToastView.swift */ = {isa = PBXFileReference; lastKnownFileType = sourcecode.swift; path = NotificationToastView.swift; sourceTree = "<group>"; };
		224ECB0F2C337E960035BCDD /* NotificationToastUIView.swift */ = {isa = PBXFileReference; lastKnownFileType = sourcecode.swift; path = NotificationToastUIView.swift; sourceTree = "<group>"; };
		224ECB112C337ECD0035BCDD /* CustomNotificationGestureRecognizer.swift */ = {isa = PBXFileReference; lastKnownFileType = sourcecode.swift; path = CustomNotificationGestureRecognizer.swift; sourceTree = "<group>"; };
		224ECB132C3380350035BCDD /* NotificationMessage.swift */ = {isa = PBXFileReference; lastKnownFileType = sourcecode.swift; path = NotificationMessage.swift; sourceTree = "<group>"; };
		2253D9092C2E417700E97838 /* SwiftEntryKitTest.app */ = {isa = PBXFileReference; explicitFileType = wrapper.application; includeInIndex = 0; path = SwiftEntryKitTest.app; sourceTree = BUILT_PRODUCTS_DIR; };
		2253D90C2C2E417700E97838 /* SwiftEntryKitTestApp.swift */ = {isa = PBXFileReference; lastKnownFileType = sourcecode.swift; path = SwiftEntryKitTestApp.swift; sourceTree = "<group>"; };
		2253D90E2C2E417700E97838 /* ContentView.swift */ = {isa = PBXFileReference; lastKnownFileType = sourcecode.swift; path = ContentView.swift; sourceTree = "<group>"; };
		2253D9102C2E417900E97838 /* Assets.xcassets */ = {isa = PBXFileReference; lastKnownFileType = folder.assetcatalog; path = Assets.xcassets; sourceTree = "<group>"; };
		2253D9122C2E417900E97838 /* SwiftEntryKitTest.entitlements */ = {isa = PBXFileReference; lastKnownFileType = text.plist.entitlements; path = SwiftEntryKitTest.entitlements; sourceTree = "<group>"; };
		2253D9142C2E417900E97838 /* Preview Assets.xcassets */ = {isa = PBXFileReference; lastKnownFileType = folder.assetcatalog; path = "Preview Assets.xcassets"; sourceTree = "<group>"; };
		2293AA052C3270F20051E032 /* NotificationToastManager.swift */ = {isa = PBXFileReference; lastKnownFileType = sourcecode.swift; path = NotificationToastManager.swift; sourceTree = "<group>"; };
/* End PBXFileReference section */

/* Begin PBXFrameworksBuildPhase section */
		2253D9062C2E417700E97838 /* Frameworks */ = {
			isa = PBXFrameworksBuildPhase;
			buildActionMask = 2147483647;
			files = (
				2253D91D2C2E41C000E97838 /* SwiftEntryKit in Frameworks */,
			);
			runOnlyForDeploymentPostprocessing = 0;
		};
/* End PBXFrameworksBuildPhase section */

/* Begin PBXGroup section */
		224ECB172C33806B0035BCDD /* NotificationToast */ = {
			isa = PBXGroup;
			children = (
				224ECB192C3380890035BCDD /* Model */,
				224ECB1A2C3380910035BCDD /* View */,
				2293AA052C3270F20051E032 /* NotificationToastManager.swift */,
				224ECB112C337ECD0035BCDD /* CustomNotificationGestureRecognizer.swift */,
			);
			path = NotificationToast;
			sourceTree = "<group>";
		};
		224ECB192C3380890035BCDD /* Model */ = {
			isa = PBXGroup;
			children = (
				224ECB132C3380350035BCDD /* NotificationMessage.swift */,
			);
			path = Model;
			sourceTree = "<group>";
		};
		224ECB1A2C3380910035BCDD /* View */ = {
			isa = PBXGroup;
			children = (
				224ECB0F2C337E960035BCDD /* NotificationToastUIView.swift */,
				224ECB0D2C3377130035BCDD /* NotificationToastView.swift */,
			);
			path = View;
			sourceTree = "<group>";
		};
		2253D9002C2E417700E97838 = {
			isa = PBXGroup;
			children = (
				2253D90B2C2E417700E97838 /* SwiftEntryKitTest */,
				2253D90A2C2E417700E97838 /* Products */,
			);
			sourceTree = "<group>";
		};
		2253D90A2C2E417700E97838 /* Products */ = {
			isa = PBXGroup;
			children = (
				2253D9092C2E417700E97838 /* SwiftEntryKitTest.app */,
			);
			name = Products;
			sourceTree = "<group>";
		};
		2253D90B2C2E417700E97838 /* SwiftEntryKitTest */ = {
			isa = PBXGroup;
			children = (
				2253D90C2C2E417700E97838 /* SwiftEntryKitTestApp.swift */,
				2253D90E2C2E417700E97838 /* ContentView.swift */,
				224ECB172C33806B0035BCDD /* NotificationToast */,
				2253D9102C2E417900E97838 /* Assets.xcassets */,
				2253D9122C2E417900E97838 /* SwiftEntryKitTest.entitlements */,
				2253D9132C2E417900E97838 /* Preview Content */,
			);
			path = SwiftEntryKitTest;
			sourceTree = "<group>";
		};
		2253D9132C2E417900E97838 /* Preview Content */ = {
			isa = PBXGroup;
			children = (
				2253D9142C2E417900E97838 /* Preview Assets.xcassets */,
			);
			path = "Preview Content";
			sourceTree = "<group>";
		};
/* End PBXGroup section */

/* Begin PBXNativeTarget section */
		2253D9082C2E417700E97838 /* SwiftEntryKitTest */ = {
			isa = PBXNativeTarget;
			buildConfigurationList = 2253D9182C2E417900E97838 /* Build configuration list for PBXNativeTarget "SwiftEntryKitTest" */;
			buildPhases = (
				2253D9052C2E417700E97838 /* Sources */,
				2253D9062C2E417700E97838 /* Frameworks */,
				2253D9072C2E417700E97838 /* Resources */,
			);
			buildRules = (
			);
			dependencies = (
			);
			name = SwiftEntryKitTest;
			packageProductDependencies = (
				2253D91C2C2E41C000E97838 /* SwiftEntryKit */,
			);
			productName = SwiftEntryKitTest;
			productReference = 2253D9092C2E417700E97838 /* SwiftEntryKitTest.app */;
			productType = "com.apple.product-type.application";
		};
/* End PBXNativeTarget section */

/* Begin PBXProject section */
		2253D9012C2E417700E97838 /* Project object */ = {
			isa = PBXProject;
			attributes = {
				BuildIndependentTargetsInParallel = 1;
				LastSwiftUpdateCheck = 1520;
				LastUpgradeCheck = 1520;
				TargetAttributes = {
					2253D9082C2E417700E97838 = {
						CreatedOnToolsVersion = 15.2;
					};
				};
			};
			buildConfigurationList = 2253D9042C2E417700E97838 /* Build configuration list for PBXProject "SwiftEntryKitTest" */;
			compatibilityVersion = "Xcode 14.0";
			developmentRegion = en;
			hasScannedForEncodings = 0;
			knownRegions = (
				en,
				Base,
			);
			mainGroup = 2253D9002C2E417700E97838;
			packageReferences = (
				2253D91B2C2E41C000E97838 /* XCRemoteSwiftPackageReference "SwiftEntryKit" */,
			);
			productRefGroup = 2253D90A2C2E417700E97838 /* Products */;
			projectDirPath = "";
			projectRoot = "";
			targets = (
				2253D9082C2E417700E97838 /* SwiftEntryKitTest */,
			);
		};
/* End PBXProject section */

/* Begin PBXResourcesBuildPhase section */
		2253D9072C2E417700E97838 /* Resources */ = {
			isa = PBXResourcesBuildPhase;
			buildActionMask = 2147483647;
			files = (
				2253D9152C2E417900E97838 /* Preview Assets.xcassets in Resources */,
				2253D9112C2E417900E97838 /* Assets.xcassets in Resources */,
			);
			runOnlyForDeploymentPostprocessing = 0;
		};
/* End PBXResourcesBuildPhase section */

/* Begin PBXSourcesBuildPhase section */
		2253D9052C2E417700E97838 /* Sources */ = {
			isa = PBXSourcesBuildPhase;
			buildActionMask = 2147483647;
			files = (
				2293AA062C3270F20051E032 /* NotificationToastManager.swift in Sources */,
				2253D90F2C2E417700E97838 /* ContentView.swift in Sources */,
				2253D90D2C2E417700E97838 /* SwiftEntryKitTestApp.swift in Sources */,
				224ECB122C337ECD0035BCDD /* CustomNotificationGestureRecognizer.swift in Sources */,
				224ECB0E2C3377130035BCDD /* NotificationToastView.swift in Sources */,
				224ECB102C337E960035BCDD /* NotificationToastUIView.swift in Sources */,
				224ECB142C3380350035BCDD /* NotificationMessage.swift in Sources */,
			);
			runOnlyForDeploymentPostprocessing = 0;
		};
/* End PBXSourcesBuildPhase section */

/* Begin XCBuildConfiguration section */
		2253D9162C2E417900E97838 /* Debug */ = {
			isa = XCBuildConfiguration;
			buildSettings = {
				ALWAYS_SEARCH_USER_PATHS = NO;
				ASSETCATALOG_COMPILER_GENERATE_SWIFT_ASSET_SYMBOL_EXTENSIONS = YES;
				CLANG_ANALYZER_NONNULL = YES;
				CLANG_ANALYZER_NUMBER_OBJECT_CONVERSION = YES_AGGRESSIVE;
				CLANG_CXX_LANGUAGE_STANDARD = "gnu++20";
				CLANG_ENABLE_MODULES = YES;
				CLANG_ENABLE_OBJC_ARC = YES;
				CLANG_ENABLE_OBJC_WEAK = YES;
				CLANG_WARN_BLOCK_CAPTURE_AUTORELEASING = YES;
				CLANG_WARN_BOOL_CONVERSION = YES;
				CLANG_WARN_COMMA = YES;
				CLANG_WARN_CONSTANT_CONVERSION = YES;
				CLANG_WARN_DEPRECATED_OBJC_IMPLEMENTATIONS = YES;
				CLANG_WARN_DIRECT_OBJC_ISA_USAGE = YES_ERROR;
				CLANG_WARN_DOCUMENTATION_COMMENTS = YES;
				CLANG_WARN_EMPTY_BODY = YES;
				CLANG_WARN_ENUM_CONVERSION = YES;
				CLANG_WARN_INFINITE_RECURSION = YES;
				CLANG_WARN_INT_CONVERSION = YES;
				CLANG_WARN_NON_LITERAL_NULL_CONVERSION = YES;
				CLANG_WARN_OBJC_IMPLICIT_RETAIN_SELF = YES;
				CLANG_WARN_OBJC_LITERAL_CONVERSION = YES;
				CLANG_WARN_OBJC_ROOT_CLASS = YES_ERROR;
				CLANG_WARN_QUOTED_INCLUDE_IN_FRAMEWORK_HEADER = YES;
				CLANG_WARN_RANGE_LOOP_ANALYSIS = YES;
				CLANG_WARN_STRICT_PROTOTYPES = YES;
				CLANG_WARN_SUSPICIOUS_MOVE = YES;
				CLANG_WARN_UNGUARDED_AVAILABILITY = YES_AGGRESSIVE;
				CLANG_WARN_UNREACHABLE_CODE = YES;
				CLANG_WARN__DUPLICATE_METHOD_MATCH = YES;
				COPY_PHASE_STRIP = NO;
				DEBUG_INFORMATION_FORMAT = dwarf;
				ENABLE_STRICT_OBJC_MSGSEND = YES;
				ENABLE_TESTABILITY = YES;
				ENABLE_USER_SCRIPT_SANDBOXING = YES;
				GCC_C_LANGUAGE_STANDARD = gnu17;
				GCC_DYNAMIC_NO_PIC = NO;
				GCC_NO_COMMON_BLOCKS = YES;
				GCC_OPTIMIZATION_LEVEL = 0;
				GCC_PREPROCESSOR_DEFINITIONS = (
					"DEBUG=1",
					"$(inherited)",
				);
				GCC_WARN_64_TO_32_BIT_CONVERSION = YES;
				GCC_WARN_ABOUT_RETURN_TYPE = YES_ERROR;
				GCC_WARN_UNDECLARED_SELECTOR = YES;
				GCC_WARN_UNINITIALIZED_AUTOS = YES_AGGRESSIVE;
				GCC_WARN_UNUSED_FUNCTION = YES;
				GCC_WARN_UNUSED_VARIABLE = YES;
				LOCALIZATION_PREFERS_STRING_CATALOGS = YES;
				MTL_ENABLE_DEBUG_INFO = INCLUDE_SOURCE;
				MTL_FAST_MATH = YES;
				ONLY_ACTIVE_ARCH = YES;
				SWIFT_ACTIVE_COMPILATION_CONDITIONS = "DEBUG $(inherited)";
				SWIFT_OPTIMIZATION_LEVEL = "-Onone";
			};
			name = Debug;
		};
		2253D9172C2E417900E97838 /* Release */ = {
			isa = XCBuildConfiguration;
			buildSettings = {
				ALWAYS_SEARCH_USER_PATHS = NO;
				ASSETCATALOG_COMPILER_GENERATE_SWIFT_ASSET_SYMBOL_EXTENSIONS = YES;
				CLANG_ANALYZER_NONNULL = YES;
				CLANG_ANALYZER_NUMBER_OBJECT_CONVERSION = YES_AGGRESSIVE;
				CLANG_CXX_LANGUAGE_STANDARD = "gnu++20";
				CLANG_ENABLE_MODULES = YES;
				CLANG_ENABLE_OBJC_ARC = YES;
				CLANG_ENABLE_OBJC_WEAK = YES;
				CLANG_WARN_BLOCK_CAPTURE_AUTORELEASING = YES;
				CLANG_WARN_BOOL_CONVERSION = YES;
				CLANG_WARN_COMMA = YES;
				CLANG_WARN_CONSTANT_CONVERSION = YES;
				CLANG_WARN_DEPRECATED_OBJC_IMPLEMENTATIONS = YES;
				CLANG_WARN_DIRECT_OBJC_ISA_USAGE = YES_ERROR;
				CLANG_WARN_DOCUMENTATION_COMMENTS = YES;
				CLANG_WARN_EMPTY_BODY = YES;
				CLANG_WARN_ENUM_CONVERSION = YES;
				CLANG_WARN_INFINITE_RECURSION = YES;
				CLANG_WARN_INT_CONVERSION = YES;
				CLANG_WARN_NON_LITERAL_NULL_CONVERSION = YES;
				CLANG_WARN_OBJC_IMPLICIT_RETAIN_SELF = YES;
				CLANG_WARN_OBJC_LITERAL_CONVERSION = YES;
				CLANG_WARN_OBJC_ROOT_CLASS = YES_ERROR;
				CLANG_WARN_QUOTED_INCLUDE_IN_FRAMEWORK_HEADER = YES;
				CLANG_WARN_RANGE_LOOP_ANALYSIS = YES;
				CLANG_WARN_STRICT_PROTOTYPES = YES;
				CLANG_WARN_SUSPICIOUS_MOVE = YES;
				CLANG_WARN_UNGUARDED_AVAILABILITY = YES_AGGRESSIVE;
				CLANG_WARN_UNREACHABLE_CODE = YES;
				CLANG_WARN__DUPLICATE_METHOD_MATCH = YES;
				COPY_PHASE_STRIP = NO;
				DEBUG_INFORMATION_FORMAT = "dwarf-with-dsym";
				ENABLE_NS_ASSERTIONS = NO;
				ENABLE_STRICT_OBJC_MSGSEND = YES;
				ENABLE_USER_SCRIPT_SANDBOXING = YES;
				GCC_C_LANGUAGE_STANDARD = gnu17;
				GCC_NO_COMMON_BLOCKS = YES;
				GCC_WARN_64_TO_32_BIT_CONVERSION = YES;
				GCC_WARN_ABOUT_RETURN_TYPE = YES_ERROR;
				GCC_WARN_UNDECLARED_SELECTOR = YES;
				GCC_WARN_UNINITIALIZED_AUTOS = YES_AGGRESSIVE;
				GCC_WARN_UNUSED_FUNCTION = YES;
				GCC_WARN_UNUSED_VARIABLE = YES;
				LOCALIZATION_PREFERS_STRING_CATALOGS = YES;
				MTL_ENABLE_DEBUG_INFO = NO;
				MTL_FAST_MATH = YES;
				SWIFT_COMPILATION_MODE = wholemodule;
			};
			name = Release;
		};
		2253D9192C2E417900E97838 /* Debug */ = {
			isa = XCBuildConfiguration;
			buildSettings = {
				ASSETCATALOG_COMPILER_APPICON_NAME = AppIcon;
				ASSETCATALOG_COMPILER_GLOBAL_ACCENT_COLOR_NAME = AccentColor;
				CODE_SIGN_ENTITLEMENTS = SwiftEntryKitTest/SwiftEntryKitTest.entitlements;
				CODE_SIGN_STYLE = Automatic;
				CURRENT_PROJECT_VERSION = 1;
				DEVELOPMENT_ASSET_PATHS = "\"SwiftEntryKitTest/Preview Content\"";
				DEVELOPMENT_TEAM = JJ444NG4W8;
				ENABLE_HARDENED_RUNTIME = YES;
				ENABLE_PREVIEWS = YES;
				GENERATE_INFOPLIST_FILE = YES;
				"INFOPLIST_KEY_UIApplicationSceneManifest_Generation[sdk=iphoneos*]" = YES;
				"INFOPLIST_KEY_UIApplicationSceneManifest_Generation[sdk=iphonesimulator*]" = YES;
				"INFOPLIST_KEY_UIApplicationSupportsIndirectInputEvents[sdk=iphoneos*]" = YES;
				"INFOPLIST_KEY_UIApplicationSupportsIndirectInputEvents[sdk=iphonesimulator*]" = YES;
				"INFOPLIST_KEY_UILaunchScreen_Generation[sdk=iphoneos*]" = YES;
				"INFOPLIST_KEY_UILaunchScreen_Generation[sdk=iphonesimulator*]" = YES;
				"INFOPLIST_KEY_UIStatusBarStyle[sdk=iphoneos*]" = UIStatusBarStyleDefault;
				"INFOPLIST_KEY_UIStatusBarStyle[sdk=iphonesimulator*]" = UIStatusBarStyleDefault;
				INFOPLIST_KEY_UISupportedInterfaceOrientations_iPad = "UIInterfaceOrientationPortrait UIInterfaceOrientationPortraitUpsideDown UIInterfaceOrientationLandscapeLeft UIInterfaceOrientationLandscapeRight";
				INFOPLIST_KEY_UISupportedInterfaceOrientations_iPhone = "UIInterfaceOrientationPortrait UIInterfaceOrientationLandscapeLeft UIInterfaceOrientationLandscapeRight";
				IPHONEOS_DEPLOYMENT_TARGET = 14.0;
				LD_RUNPATH_SEARCH_PATHS = "@executable_path/Frameworks";
				"LD_RUNPATH_SEARCH_PATHS[sdk=macosx*]" = "@executable_path/../Frameworks";
				MACOSX_DEPLOYMENT_TARGET = 13.6;
				MARKETING_VERSION = 1.0;
				PRODUCT_BUNDLE_IDENTIFIER = com.krwd.SwiftEntryKitTest;
				PRODUCT_NAME = "$(TARGET_NAME)";
				SDKROOT = auto;
				SUPPORTED_PLATFORMS = "iphoneos iphonesimulator";
				SUPPORTS_MACCATALYST = NO;
				SWIFT_EMIT_LOC_STRINGS = YES;
				SWIFT_VERSION = 5.0;
				TARGETED_DEVICE_FAMILY = 1;
			};
			name = Debug;
		};
		2253D91A2C2E417900E97838 /* Release */ = {
			isa = XCBuildConfiguration;
			buildSettings = {
				ASSETCATALOG_COMPILER_APPICON_NAME = AppIcon;
				ASSETCATALOG_COMPILER_GLOBAL_ACCENT_COLOR_NAME = AccentColor;
				CODE_SIGN_ENTITLEMENTS = SwiftEntryKitTest/SwiftEntryKitTest.entitlements;
				CODE_SIGN_STYLE = Automatic;
				CURRENT_PROJECT_VERSION = 1;
				DEVELOPMENT_ASSET_PATHS = "\"SwiftEntryKitTest/Preview Content\"";
				DEVELOPMENT_TEAM = JJ444NG4W8;
				ENABLE_HARDENED_RUNTIME = YES;
				ENABLE_PREVIEWS = YES;
				GENERATE_INFOPLIST_FILE = YES;
				"INFOPLIST_KEY_UIApplicationSceneManifest_Generation[sdk=iphoneos*]" = YES;
				"INFOPLIST_KEY_UIApplicationSceneManifest_Generation[sdk=iphonesimulator*]" = YES;
				"INFOPLIST_KEY_UIApplicationSupportsIndirectInputEvents[sdk=iphoneos*]" = YES;
				"INFOPLIST_KEY_UIApplicationSupportsIndirectInputEvents[sdk=iphonesimulator*]" = YES;
				"INFOPLIST_KEY_UILaunchScreen_Generation[sdk=iphoneos*]" = YES;
				"INFOPLIST_KEY_UILaunchScreen_Generation[sdk=iphonesimulator*]" = YES;
				"INFOPLIST_KEY_UIStatusBarStyle[sdk=iphoneos*]" = UIStatusBarStyleDefault;
				"INFOPLIST_KEY_UIStatusBarStyle[sdk=iphonesimulator*]" = UIStatusBarStyleDefault;
				INFOPLIST_KEY_UISupportedInterfaceOrientations_iPad = "UIInterfaceOrientationPortrait UIInterfaceOrientationPortraitUpsideDown UIInterfaceOrientationLandscapeLeft UIInterfaceOrientationLandscapeRight";
				INFOPLIST_KEY_UISupportedInterfaceOrientations_iPhone = "UIInterfaceOrientationPortrait UIInterfaceOrientationLandscapeLeft UIInterfaceOrientationLandscapeRight";
				IPHONEOS_DEPLOYMENT_TARGET = 14.0;
				LD_RUNPATH_SEARCH_PATHS = "@executable_path/Frameworks";
				"LD_RUNPATH_SEARCH_PATHS[sdk=macosx*]" = "@executable_path/../Frameworks";
				MACOSX_DEPLOYMENT_TARGET = 13.6;
				MARKETING_VERSION = 1.0;
				PRODUCT_BUNDLE_IDENTIFIER = com.krwd.SwiftEntryKitTest;
				PRODUCT_NAME = "$(TARGET_NAME)";
				SDKROOT = auto;
				SUPPORTED_PLATFORMS = "iphoneos iphonesimulator";
				SUPPORTS_MACCATALYST = NO;
				SWIFT_EMIT_LOC_STRINGS = YES;
				SWIFT_VERSION = 5.0;
				TARGETED_DEVICE_FAMILY = 1;
			};
			name = Release;
		};
/* End XCBuildConfiguration section */

/* Begin XCConfigurationList section */
		2253D9042C2E417700E97838 /* Build configuration list for PBXProject "SwiftEntryKitTest" */ = {
			isa = XCConfigurationList;
			buildConfigurations = (
				2253D9162C2E417900E97838 /* Debug */,
				2253D9172C2E417900E97838 /* Release */,
			);
			defaultConfigurationIsVisible = 0;
			defaultConfigurationName = Release;
		};
		2253D9182C2E417900E97838 /* Build configuration list for PBXNativeTarget "SwiftEntryKitTest" */ = {
			isa = XCConfigurationList;
			buildConfigurations = (
				2253D9192C2E417900E97838 /* Debug */,
				2253D91A2C2E417900E97838 /* Release */,
			);
			defaultConfigurationIsVisible = 0;
			defaultConfigurationName = Release;
		};
/* End XCConfigurationList section */

/* Begin XCRemoteSwiftPackageReference section */
		2253D91B2C2E41C000E97838 /* XCRemoteSwiftPackageReference "SwiftEntryKit" */ = {
			isa = XCRemoteSwiftPackageReference;
			repositoryURL = "https://github.com/huri000/SwiftEntryKit.git";
			requirement = {
				kind = upToNextMajorVersion;
				minimumVersion = 2.0.0;
			};
		};
/* End XCRemoteSwiftPackageReference section */

/* Begin XCSwiftPackageProductDependency section */
		2253D91C2C2E41C000E97838 /* SwiftEntryKit */ = {
			isa = XCSwiftPackageProductDependency;
			package = 2253D91B2C2E41C000E97838 /* XCRemoteSwiftPackageReference "SwiftEntryKit" */;
			productName = SwiftEntryKit;
		};
/* End XCSwiftPackageProductDependency section */
	};
	rootObject = 2253D9012C2E417700E97838 /* Project object */;
}
